GEM
  remote: https://rubygems.org/
  specs:
    colorize (0.8.1)
    date (3.3.3)
    sqlite3 (2.9.5-arm64-darwin)
    sqlite3 (2.9.5-x86_64-darwin)
    sqlite3 (2.9.5-x86_64-linux-gnu)

PLATFORMS
  arm64-darwin-22
  arm64-darwin-23
  arm64-darwin-24
  arm64-darwin-25
  x86_64-darwin-22
  x86_64-darwin-23
  x86_64-linux

DEPENDENCIES
  colorize
  date
  sqlite3

RUBY VERSION
   ruby 3.4.1p0

BUNDLED WITH
   2.4.12
